
Microsoft Visual Studio Solution File, Format Version 12.00
# Visual Studio Version 17
VisualStudioVersion = 17.4.33122.133
MinimumVisualStudioVersion = 10.0.40219.1
Project("{9A19103F-16F7-4668-BE54-9A1E7A4F7556}") = "ZooConsole", "ZooConsole\ZooConsole.csproj", "{8A9A2541-F303-455F-AF0F-A9F649520A72}"
EndProject
Project("{9A19103F-16F7-4668-BE54-9A1E7A4F7556}") = "Zoo", "Zoo\Zoo.csproj", "{DF4D03F8-1CFE-4733-81D2-E0C1F4A8D92C}"
EndProject
Project("{9A19103F-16F7-4668-BE54-9A1E7A4F7556}") = "Logger", "..\..\source\repos\Tecington\OrHafifaLoggerExc\Loggers\Logger.csproj", "{E764D4C2-9C12-4274-8F3C-72EB6C81B480}"
EndProject
Global
	GlobalSection(SolutionConfigurationPlatforms) = preSolution
		Debug|Any CPU = Debug|Any CPU
		Release|Any CPU = Release|Any CPU
	EndGlobalSection
	GlobalSection(ProjectConfigurationPlatforms) = postSolution
		{8A9A2541-F303-455F-AF0F-A9F649520A72}.Debug|Any CPU.ActiveCfg = Debug|Any CPU
		{8A9A2541-F303-455F-AF0F-A9F649520A72}.Debug|Any CPU.Build.0 = Debug|Any CPU
		{8A9A2541-F303-455F-AF0F-A9F649520A72}.Release|Any CPU.ActiveCfg = Release|Any CPU
		{8A9A2541-F303-455F-AF0F-A9F649520A72}.Release|Any CPU.Build.0 = Release|Any CPU
		{DF4D03F8-1CFE-4733-81D2-E0C1F4A8D92C}.Debug|Any CPU.ActiveCfg = Debug|Any CPU
		{DF4D03F8-1CFE-4733-81D2-E0C1F4A8D92C}.Debug|Any CPU.Build.0 = Debug|Any CPU
		{DF4D03F8-1CFE-4733-81D2-E0C1F4A8D92C}.Release|Any CPU.ActiveCfg = Release|Any CPU
		{DF4D03F8-1CFE-4733-81D2-E0C1F4A8D92C}.Release|Any CPU.Build.0 = Release|Any CPU
		{E764D4C2-9C12-4274-8F3C-72EB6C81B480}.Debug|Any CPU.ActiveCfg = Debug|Any CPU
		{E764D4C2-9C12-4274-8F3C-72EB6C81B480}.Debug|Any CPU.Build.0 = Debug|Any CPU
		{E764D4C2-9C12-4274-8F3C-72EB6C81B480}.Release|Any CPU.ActiveCfg = Release|Any CPU
		{E764D4C2-9C12-4274-8F3C-72EB6C81B480}.Release|Any CPU.Build.0 = Release|Any CPU
	EndGlobalSection
	GlobalSection(SolutionProperties) = preSolution
		HideSolutionNode = FALSE
	EndGlobalSection
	GlobalSection(ExtensibilityGlobals) = postSolution
		SolutionGuid = {98A72C74-1CD7-430A-AFD5-5B0B18EB7317}
	EndGlobalSection
EndGlobal
